
Microsoft Visual Studio Solution File, Format Version 12.00
# Visual Studio Version 17
VisualStudioVersion = 17.4.33213.308
MinimumVisualStudioVersion = 10.0.40219.1
Project("{FAE04EC0-301F-11D3-BF4B-00C04F79EFBC}") = "probnik", "probnik\probnik.csproj", "{D58ACF6B-EC16-493D-8C7E-D36A1D3B586F}"
EndProject
Global
	GlobalSection(SolutionConfigurationPlatforms) = preSolution
		Debug|Any CPU = Debug|Any CPU
		Release|Any CPU = Release|Any CPU
	EndGlobalSection
	GlobalSection(ProjectConfigurationPlatforms) = postSolution
		{D58ACF6B-EC16-493D-8C7E-D36A1D3B586F}.Debug|Any CPU.ActiveCfg = Debug|Any CPU
		{D58ACF6B-EC16-493D-8C7E-D36A1D3B586F}.Debug|Any CPU.Build.0 = Debug|Any CPU
		{D58ACF6B-EC16-493D-8C7E-D36A1D3B586F}.Release|Any CPU.ActiveCfg = Release|Any CPU
		{D58ACF6B-EC16-493D-8C7E-D36A1D3B586F}.Release|Any CPU.Build.0 = Release|Any CPU
	EndGlobalSection
	GlobalSection(SolutionProperties) = preSolution
		HideSolutionNode = FALSE
	EndGlobalSection
	GlobalSection(ExtensibilityGlobals) = postSolution
		SolutionGuid = {208F66E9-7A70-47C5-978B-3671DE8941AB}
	EndGlobalSection
EndGlobal
